
Microsoft Visual Studio Solution File, Format Version 12.00
# Visual Studio Version 17
VisualStudioVersion = 17.11.35312.102
MinimumVisualStudioVersion = 10.0.40219.1
Project("{8BC9CEB8-8B4A-11D0-8D11-00A0C91BC942}") = "Calendar project", "Calendar project\Calendar project.vcxproj", "{9CBA5AAE-BA18-4051-BDA3-C206E7D8FE17}"
EndProject
Global
	GlobalSection(SolutionConfigurationPlatforms) = preSolution
		Debug|x64 = Debug|x64
		Debug|x86 = Debug|x86
		Release|x64 = Release|x64
		Release|x86 = Release|x86
	EndGlobalSection
	GlobalSection(ProjectConfigurationPlatforms) = postSolution
		{9CBA5AAE-BA18-4051-BDA3-C206E7D8FE17}.Debug|x64.ActiveCfg = Debug|x64
		{9CBA5AAE-BA18-4051-BDA3-C206E7D8FE17}.Debug|x64.Build.0 = Debug|x64
		{9CBA5AAE-BA18-4051-BDA3-C206E7D8FE17}.Debug|x86.ActiveCfg = Debug|Win32
		{9CBA5AAE-BA18-4051-BDA3-C206E7D8FE17}.Debug|x86.Build.0 = Debug|Win32
		{9CBA5AAE-BA18-4051-BDA3-C206E7D8FE17}.Release|x64.ActiveCfg = Release|x64
		{9CBA5AAE-BA18-4051-BDA3-C206E7D8FE17}.Release|x64.Build.0 = Release|x64
		{9CBA5AAE-BA18-4051-BDA3-C206E7D8FE17}.Release|x86.ActiveCfg = Release|Win32
		{9CBA5AAE-BA18-4051-BDA3-C206E7D8FE17}.Release|x86.Build.0 = Release|Win32
	EndGlobalSection
	GlobalSection(SolutionProperties) = preSolution
		HideSolutionNode = FALSE
	EndGlobalSection
	GlobalSection(ExtensibilityGlobals) = postSolution
		SolutionGuid = {F7FC6743-2A83-4C4C-8B5A-AF46FFC89172}
	EndGlobalSection
EndGlobal
